
Microsoft Visual Studio Solution File, Format Version 12.00
# Visual Studio Version 17
VisualStudioVersion = 17.14.36127.28 d17.14
MinimumVisualStudioVersion = 10.0.40219.1
Project("{2150E333-8FDC-42A3-9474-1A3956D46DE8}") = "Src", "Src", "{02EA681E-C7D8-13C7-8484-4AC65E1B71E8}"
EndProject
Project("{2150E333-8FDC-42A3-9474-1A3956D46DE8}") = "Docs", "Docs", "{DFFA61A9-D4FC-4DF8-A9D9-90710FCDE00E}"
EndProject
Project("{2150E333-8FDC-42A3-9474-1A3956D46DE8}") = "Tests", "Tests", "{13D03829-2C28-4AD7-A097-4403BE289627}"
EndProject
Project("{FAE04EC0-301F-11D3-BF4B-00C04F79EFBC}") = "RPGTgBot.Domain", "RPGTgBot.Domain\RPGTgBot.Domain.csproj", "{0CFDACDE-0D2A-10F2-6B96-3CF8C7ED5F20}"
EndProject
Project("{FAE04EC0-301F-11D3-BF4B-00C04F79EFBC}") = "Domain.Tests", "DomainTests\Domain.Tests.csproj", "{04731098-41B8-4B2C-8FC3-9502B235EB6F}"
EndProject
Project("{FAE04EC0-301F-11D3-BF4B-00C04F79EFBC}") = "RPGTgBot.Application", "RPGTgBot.Application\RPGTgBot.Application.csproj", "{AC3C68E5-40EB-46F6-AC7F-A32602BDC1CE}"
EndProject
Project("{FAE04EC0-301F-11D3-BF4B-00C04F79EFBC}") = "RPGTgBot.Infrastructure", "RPGTgBot.Infrastructure\RPGTgBot.Infrastructure.csproj", "{1C9700BA-D6EE-4269-BD12-0643A0BD56CA}"
EndProject
Global
	GlobalSection(SolutionConfigurationPlatforms) = preSolution
		Debug|Any CPU = Debug|Any CPU
		Release|Any CPU = Release|Any CPU
	EndGlobalSection
	GlobalSection(ProjectConfigurationPlatforms) = postSolution
		{0CFDACDE-0D2A-10F2-6B96-3CF8C7ED5F20}.Debug|Any CPU.ActiveCfg = Debug|Any CPU
		{0CFDACDE-0D2A-10F2-6B96-3CF8C7ED5F20}.Debug|Any CPU.Build.0 = Debug|Any CPU
		{0CFDACDE-0D2A-10F2-6B96-3CF8C7ED5F20}.Release|Any CPU.ActiveCfg = Release|Any CPU
		{0CFDACDE-0D2A-10F2-6B96-3CF8C7ED5F20}.Release|Any CPU.Build.0 = Release|Any CPU
		{04731098-41B8-4B2C-8FC3-9502B235EB6F}.Debug|Any CPU.ActiveCfg = Debug|Any CPU
		{04731098-41B8-4B2C-8FC3-9502B235EB6F}.Debug|Any CPU.Build.0 = Debug|Any CPU
		{04731098-41B8-4B2C-8FC3-9502B235EB6F}.Release|Any CPU.ActiveCfg = Release|Any CPU
		{04731098-41B8-4B2C-8FC3-9502B235EB6F}.Release|Any CPU.Build.0 = Release|Any CPU
		{AC3C68E5-40EB-46F6-AC7F-A32602BDC1CE}.Debug|Any CPU.ActiveCfg = Debug|Any CPU
		{AC3C68E5-40EB-46F6-AC7F-A32602BDC1CE}.Debug|Any CPU.Build.0 = Debug|Any CPU
		{AC3C68E5-40EB-46F6-AC7F-A32602BDC1CE}.Release|Any CPU.ActiveCfg = Release|Any CPU
		{AC3C68E5-40EB-46F6-AC7F-A32602BDC1CE}.Release|Any CPU.Build.0 = Release|Any CPU
		{1C9700BA-D6EE-4269-BD12-0643A0BD56CA}.Debug|Any CPU.ActiveCfg = Debug|Any CPU
		{1C9700BA-D6EE-4269-BD12-0643A0BD56CA}.Debug|Any CPU.Build.0 = Debug|Any CPU
		{1C9700BA-D6EE-4269-BD12-0643A0BD56CA}.Release|Any CPU.ActiveCfg = Release|Any CPU
		{1C9700BA-D6EE-4269-BD12-0643A0BD56CA}.Release|Any CPU.Build.0 = Release|Any CPU
	EndGlobalSection
	GlobalSection(SolutionProperties) = preSolution
		HideSolutionNode = FALSE
	EndGlobalSection
	GlobalSection(NestedProjects) = preSolution
		{0CFDACDE-0D2A-10F2-6B96-3CF8C7ED5F20} = {02EA681E-C7D8-13C7-8484-4AC65E1B71E8}
		{04731098-41B8-4B2C-8FC3-9502B235EB6F} = {13D03829-2C28-4AD7-A097-4403BE289627}
		{AC3C68E5-40EB-46F6-AC7F-A32602BDC1CE} = {02EA681E-C7D8-13C7-8484-4AC65E1B71E8}
		{1C9700BA-D6EE-4269-BD12-0643A0BD56CA} = {02EA681E-C7D8-13C7-8484-4AC65E1B71E8}
	EndGlobalSection
	GlobalSection(ExtensibilityGlobals) = postSolution
		SolutionGuid = {B35DF3AE-DE96-49D7-9476-FF7CB865EB02}
	EndGlobalSection
EndGlobal
